// !$*UTF8*$!
{
	archiveVersion = 1;
	classes = {
	};
	objectVersion = 46;
	objects = {

/* Begin PBXBuildFile section */
		95253B511E7ECE0C00E37D2C /* LDBaseViewController.m in Sources */ = {isa = PBXBuildFile; fileRef = 95253B501E7ECE0C00E37D2C /* LDBaseViewController.m */; };
		95253B551E7ED9C200E37D2C /* UIBarButtonItem+Convenience.m in Sources */ = {isa = PBXBuildFile; fileRef = 95253B541E7ED9C200E37D2C /* UIBarButtonItem+Convenience.m */; };
		95380C731E7E74DC00CBBB32 /* LDGrayViewController.m in Sources */ = {isa = PBXBuildFile; fileRef = 95380C721E7E74DC00CBBB32 /* LDGrayViewController.m */; };
		95380C761E7E74EE00CBBB32 /* LDOrangeViewController.m in Sources */ = {isa = PBXBuildFile; fileRef = 95380C751E7E74EE00CBBB32 /* LDOrangeViewController.m */; };
		95380C791E7E74FE00CBBB32 /* LDBlueViewController.m in Sources */ = {isa = PBXBuildFile; fileRef = 95380C781E7E74FE00CBBB32 /* LDBlueViewController.m */; };
		95380C7C1E7E751C00CBBB32 /* LDBrownViewController.m in Sources */ = {isa = PBXBuildFile; fileRef = 95380C7B1E7E751C00CBBB32 /* LDBrownViewController.m */; };
		95380C7F1E7E780F00CBBB32 /* LDGlobalSwitchView.m in Sources */ = {isa = PBXBuildFile; fileRef = 95380C7E1E7E780F00CBBB32 /* LDGlobalSwitchView.m */; };
		95380C811E7E781C00CBBB32 /* LDGlobalSwitchView.xib in Resources */ = {isa = PBXBuildFile; fileRef = 95380C801E7E781C00CBBB32 /* LDGlobalSwitchView.xib */; };
		9594E8591E7BE6D100900F46 /* main.m in Sources */ = {isa = PBXBuildFile; fileRef = 9594E8581E7BE6D100900F46 /* main.m */; };
		9594E85C1E7BE6D100900F46 /* AppDelegate.m in Sources */ = {isa = PBXBuildFile; fileRef = 9594E85B1E7BE6D100900F46 /* AppDelegate.m */; };
		9594E8641E7BE6D100900F46 /* Assets.xcassets in Resources */ = {isa = PBXBuildFile; fileRef = 9594E8631E7BE6D100900F46 /* Assets.xcassets */; };
		9594E8701E7BE72E00900F46 /* UINavigationController+LDNavigationSolution.m in Sources */ = {isa = PBXBuildFile; fileRef = 9594E86F1E7BE72E00900F46 /* UINavigationController+LDNavigationSolution.m */; };
		95F529F41E8E4A3F007AD7E5 /* Launch Screen.storyboard in Resources */ = {isa = PBXBuildFile; fileRef = 95F529F31E8E4A3F007AD7E5 /* Launch Screen.storyboard */; };
/* End PBXBuildFile section */

/* Begin PBXFileReference section */
		95253B4F1E7ECE0C00E37D2C /* LDBaseViewController.h */ = {isa = PBXFileReference; fileEncoding = 4; lastKnownFileType = sourcecode.c.h; path = LDBaseViewController.h; sourceTree = "<group>"; };
		95253B501E7ECE0C00E37D2C /* LDBaseViewController.m */ = {isa = PBXFileReference; fileEncoding = 4; lastKnownFileType = sourcecode.c.objc; path = LDBaseViewController.m; sourceTree = "<group>"; };
		95253B531E7ED9C200E37D2C /* UIBarButtonItem+Convenience.h */ = {isa = PBXFileReference; fileEncoding = 4; lastKnownFileType = sourcecode.c.h; path = "UIBarButtonItem+Convenience.h"; sourceTree = "<group>"; };
		95253B541E7ED9C200E37D2C /* UIBarButtonItem+Convenience.m */ = {isa = PBXFileReference; fileEncoding = 4; lastKnownFileType = sourcecode.c.objc; path = "UIBarButtonItem+Convenience.m"; sourceTree = "<group>"; };
		95380C711E7E74DC00CBBB32 /* LDGrayViewController.h */ = {isa = PBXFileReference; fileEncoding = 4; lastKnownFileType = sourcecode.c.h; path = LDGrayViewController.h; sourceTree = "<group>"; };
		95380C721E7E74DC00CBBB32 /* LDGrayViewController.m */ = {isa = PBXFileReference; fileEncoding = 4; lastKnownFileType = sourcecode.c.objc; path = LDGrayViewController.m; sourceTree = "<group>"; };
		95380C741E7E74EE00CBBB32 /* LDOrangeViewController.h */ = {isa = PBXFileReference; fileEncoding = 4; lastKnownFileType = sourcecode.c.h; path = LDOrangeViewController.h; sourceTree = "<group>"; };
		95380C751E7E74EE00CBBB32 /* LDOrangeViewController.m */ = {isa = PBXFileReference; fileEncoding = 4; lastKnownFileType = sourcecode.c.objc; path = LDOrangeViewController.m; sourceTree = "<group>"; };
		95380C771E7E74FE00CBBB32 /* LDBlueViewController.h */ = {isa = PBXFileReference; fileEncoding = 4; lastKnownFileType = sourcecode.c.h; path = LDBlueViewController.h; sourceTree = "<group>"; };
		95380C781E7E74FE00CBBB32 /* LDBlueViewController.m */ = {isa = PBXFileReference; fileEncoding = 4; lastKnownFileType = sourcecode.c.objc; path = LDBlueViewController.m; sourceTree = "<group>"; };
		95380C7A1E7E751C00CBBB32 /* LDBrownViewController.h */ = {isa = PBXFileReference; fileEncoding = 4; lastKnownFileType = sourcecode.c.h; path = LDBrownViewController.h; sourceTree = "<group>"; };
		95380C7B1E7E751C00CBBB32 /* LDBrownViewController.m */ = {isa = PBXFileReference; fileEncoding = 4; lastKnownFileType = sourcecode.c.objc; path = LDBrownViewController.m; sourceTree = "<group>"; };
		95380C7D1E7E780F00CBBB32 /* LDGlobalSwitchView.h */ = {isa = PBXFileReference; fileEncoding = 4; lastKnownFileType = sourcecode.c.h; path = LDGlobalSwitchView.h; sourceTree = "<group>"; };
		95380C7E1E7E780F00CBBB32 /* LDGlobalSwitchView.m */ = {isa = PBXFileReference; fileEncoding = 4; lastKnownFileType = sourcecode.c.objc; path = LDGlobalSwitchView.m; sourceTree = "<group>"; };
		95380C801E7E781C00CBBB32 /* LDGlobalSwitchView.xib */ = {isa = PBXFileReference; fileEncoding = 4; lastKnownFileType = file.xib; path = LDGlobalSwitchView.xib; sourceTree = "<group>"; };
		9594E8541E7BE6D100900F46 /* LDNavigationSolution.app */ = {isa = PBXFileReference; explicitFileType = wrapper.application; includeInIndex = 0; path = LDNavigationSolution.app; sourceTree = BUILT_PRODUCTS_DIR; };
		9594E8581E7BE6D100900F46 /* main.m */ = {isa = PBXFileReference; lastKnownFileType = sourcecode.c.objc; path = main.m; sourceTree = "<group>"; };
		9594E85A1E7BE6D100900F46 /* AppDelegate.h */ = {isa = PBXFileReference; lastKnownFileType = sourcecode.c.h; path = AppDelegate.h; sourceTree = "<group>"; };
		9594E85B1E7BE6D100900F46 /* AppDelegate.m */ = {isa = PBXFileReference; lastKnownFileType = sourcecode.c.objc; path = AppDelegate.m; sourceTree = "<group>"; };
		9594E8631E7BE6D100900F46 /* Assets.xcassets */ = {isa = PBXFileReference; lastKnownFileType = folder.assetcatalog; path = Assets.xcassets; sourceTree = "<group>"; };
		9594E8681E7BE6D100900F46 /* Info.plist */ = {isa = PBXFileReference; lastKnownFileType = text.plist.xml; path = Info.plist; sourceTree = "<group>"; };
		9594E86E1E7BE72E00900F46 /* UINavigationController+LDNavigationSolution.h */ = {isa = PBXFileReference; fileEncoding = 4; lastKnownFileType = sourcecode.c.h; path = "UINavigationController+LDNavigationSolution.h"; sourceTree = "<group>"; };
		9594E86F1E7BE72E00900F46 /* UINavigationController+LDNavigationSolution.m */ = {isa = PBXFileReference; fileEncoding = 4; lastKnownFileType = sourcecode.c.objc; path = "UINavigationController+LDNavigationSolution.m"; sourceTree = "<group>"; };
		95F529F31E8E4A3F007AD7E5 /* Launch Screen.storyboard */ = {isa = PBXFileReference; fileEncoding = 4; lastKnownFileType = file.storyboard; path = "Launch Screen.storyboard"; sourceTree = "<group>"; };
/* End PBXFileReference section */

/* Begin PBXFrameworksBuildPhase section */
		9594E8511E7BE6D100900F46 /* Frameworks */ = {
			isa = PBXFrameworksBuildPhase;
			buildActionMask = 2147483647;
			files = (
			);
			runOnlyForDeploymentPostprocessing = 0;
		};
/* End PBXFrameworksBuildPhase section */

/* Begin PBXGroup section */
		95253B4E1E7ECACD00E37D2C /* View */ = {
			isa = PBXGroup;
			children = (
				95380C7D1E7E780F00CBBB32 /* LDGlobalSwitchView.h */,
				95380C7E1E7E780F00CBBB32 /* LDGlobalSwitchView.m */,
				95380C801E7E781C00CBBB32 /* LDGlobalSwitchView.xib */,
			);
			path = View;
			sourceTree = "<group>";
		};
		95253B521E7ED97700E37D2C /* Category */ = {
			isa = PBXGroup;
			children = (
				95253B531E7ED9C200E37D2C /* UIBarButtonItem+Convenience.h */,
				95253B541E7ED9C200E37D2C /* UIBarButtonItem+Convenience.m */,
			);
			path = Category;
			sourceTree = "<group>";
		};
		9594E84B1E7BE6D100900F46 = {
			isa = PBXGroup;
			children = (
				9594E8561E7BE6D100900F46 /* LDNavigationSolution */,
				9594E8551E7BE6D100900F46 /* Products */,
			);
			sourceTree = "<group>";
		};
		9594E8551E7BE6D100900F46 /* Products */ = {
			isa = PBXGroup;
			children = (
				9594E8541E7BE6D100900F46 /* LDNavigationSolution.app */,
			);
			name = Products;
			sourceTree = "<group>";
		};
		9594E8561E7BE6D100900F46 /* LDNavigationSolution */ = {
			isa = PBXGroup;
			children = (
				9597B5FC1E7E64A40039C3FE /* Demo */,
				9597B5FB1E7E644A0039C3FE /* Source */,
				9594E8571E7BE6D100900F46 /* Supporting Files */,
			);
			path = LDNavigationSolution;
			sourceTree = "<group>";
		};
		9594E8571E7BE6D100900F46 /* Supporting Files */ = {
			isa = PBXGroup;
			children = (
				9594E85A1E7BE6D100900F46 /* AppDelegate.h */,
				9594E85B1E7BE6D100900F46 /* AppDelegate.m */,
				9594E8631E7BE6D100900F46 /* Assets.xcassets */,
				9594E8681E7BE6D100900F46 /* Info.plist */,
				95F529F31E8E4A3F007AD7E5 /* Launch Screen.storyboard */,
				9594E8581E7BE6D100900F46 /* main.m */,
			);
			path = "Supporting Files";
			sourceTree = "<group>";
		};
		9597B5FB1E7E644A0039C3FE /* Source */ = {
			isa = PBXGroup;
			children = (
				9594E86E1E7BE72E00900F46 /* UINavigationController+LDNavigationSolution.h */,
				9594E86F1E7BE72E00900F46 /* UINavigationController+LDNavigationSolution.m */,
			);
			path = Source;
			sourceTree = "<group>";
		};
		9597B5FC1E7E64A40039C3FE /* Demo */ = {
			isa = PBXGroup;
			children = (
				95253B521E7ED97700E37D2C /* Category */,
				95253B4E1E7ECACD00E37D2C /* View */,
				95253B4F1E7ECE0C00E37D2C /* LDBaseViewController.h */,
				95253B501E7ECE0C00E37D2C /* LDBaseViewController.m */,
				95380C771E7E74FE00CBBB32 /* LDBlueViewController.h */,
				95380C781E7E74FE00CBBB32 /* LDBlueViewController.m */,
				95380C7A1E7E751C00CBBB32 /* LDBrownViewController.h */,
				95380C7B1E7E751C00CBBB32 /* LDBrownViewController.m */,
				95380C711E7E74DC00CBBB32 /* LDGrayViewController.h */,
				95380C721E7E74DC00CBBB32 /* LDGrayViewController.m */,
				95380C741E7E74EE00CBBB32 /* LDOrangeViewController.h */,
				95380C751E7E74EE00CBBB32 /* LDOrangeViewController.m */,
			);
			path = Demo;
			sourceTree = "<group>";
		};
/* End PBXGroup section */

/* Begin PBXNativeTarget section */
		9594E8531E7BE6D100900F46 /* LDNavigationSolution */ = {
			isa = PBXNativeTarget;
			buildConfigurationList = 9594E86B1E7BE6D100900F46 /* Build configuration list for PBXNativeTarget "LDNavigationSolution" */;
			buildPhases = (
				9594E8501E7BE6D100900F46 /* Sources */,
				9594E8511E7BE6D100900F46 /* Frameworks */,
				9594E8521E7BE6D100900F46 /* Resources */,
			);
			buildRules = (
			);
			dependencies = (
			);
			name = LDNavigationSolution;
			productName = LDNavigationSolution;
			productReference = 9594E8541E7BE6D100900F46 /* LDNavigationSolution.app */;
			productType = "com.apple.product-type.application";
		};
/* End PBXNativeTarget section */

/* Begin PBXProject section */
		9594E84C1E7BE6D100900F46 /* Project object */ = {
			isa = PBXProject;
			attributes = {
				CLASSPREFIX = LD;
				LastUpgradeCheck = 0830;
				ORGANIZATIONNAME = "Dennis Lee";
				TargetAttributes = {
					9594E8531E7BE6D100900F46 = {
						CreatedOnToolsVersion = 8.2.1;
						DevelopmentTeam = Y7673FFN4G;
						ProvisioningStyle = Automatic;
					};
				};
			};
			buildConfigurationList = 9594E84F1E7BE6D100900F46 /* Build configuration list for PBXProject "LDNavigationSolution" */;
			compatibilityVersion = "Xcode 3.2";
			developmentRegion = English;
			hasScannedForEncodings = 0;
			knownRegions = (
				en,
				Base,
			);
			mainGroup = 9594E84B1E7BE6D100900F46;
			productRefGroup = 9594E8551E7BE6D100900F46 /* Products */;
			projectDirPath = "";
			projectRoot = "";
			targets = (
				9594E8531E7BE6D100900F46 /* LDNavigationSolution */,
			);
		};
/* End PBXProject section */

/* Begin PBXResourcesBuildPhase section */
		9594E8521E7BE6D100900F46 /* Resources */ = {
			isa = PBXResourcesBuildPhase;
			buildActionMask = 2147483647;
			files = (
				95F529F41E8E4A3F007AD7E5 /* Launch Screen.storyboard in Resources */,
				95380C811E7E781C00CBBB32 /* LDGlobalSwitchView.xib in Resources */,
				9594E8641E7BE6D100900F46 /* Assets.xcassets in Resources */,
			);
			runOnlyForDeploymentPostprocessing = 0;
		};
/* End PBXResourcesBuildPhase section */

/* Begin PBXSourcesBuildPhase section */
		9594E8501E7BE6D100900F46 /* Sources */ = {
			isa = PBXSourcesBuildPhase;
			buildActionMask = 2147483647;
			files = (
				9594E8701E7BE72E00900F46 /* UINavigationController+LDNavigationSolution.m in Sources */,
				95253B511E7ECE0C00E37D2C /* LDBaseViewController.m in Sources */,
				95380C7C1E7E751C00CBBB32 /* LDBrownViewController.m in Sources */,
				95380C791E7E74FE00CBBB32 /* LDBlueViewController.m in Sources */,
				95380C731E7E74DC00CBBB32 /* LDGrayViewController.m in Sources */,
				9594E85C1E7BE6D100900F46 /* AppDelegate.m in Sources */,
				95380C7F1E7E780F00CBBB32 /* LDGlobalSwitchView.m in Sources */,
				95380C761E7E74EE00CBBB32 /* LDOrangeViewController.m in Sources */,
				95253B551E7ED9C200E37D2C /* UIBarButtonItem+Convenience.m in Sources */,
				9594E8591E7BE6D100900F46 /* main.m in Sources */,
			);
			runOnlyForDeploymentPostprocessing = 0;
		};
/* End PBXSourcesBuildPhase section */

/* Begin XCBuildConfiguration section */
		9594E8691E7BE6D100900F46 /* Debug */ = {
			isa = XCBuildConfiguration;
			buildSettings = {
				ALWAYS_SEARCH_USER_PATHS = NO;
				CLANG_ANALYZER_NONNULL = YES;
				CLANG_CXX_LANGUAGE_STANDARD = "gnu++0x";
				CLANG_CXX_LIBRARY = "libc++";
				CLANG_ENABLE_MODULES = YES;
				CLANG_ENABLE_OBJC_ARC = YES;
				CLANG_WARN_BOOL_CONVERSION = YES;
				CLANG_WARN_CONSTANT_CONVERSION = YES;
				CLANG_WARN_DIRECT_OBJC_ISA_USAGE = YES_ERROR;
				CLANG_WARN_DOCUMENTATION_COMMENTS = YES;
				CLANG_WARN_EMPTY_BODY = YES;
				CLANG_WARN_ENUM_CONVERSION = YES;
				CLANG_WARN_INFINITE_RECURSION = YES;
				CLANG_WARN_INT_CONVERSION = YES;
				CLANG_WARN_OBJC_ROOT_CLASS = YES_ERROR;
				CLANG_WARN_SUSPICIOUS_MOVE = YES;
				CLANG_WARN_UNREACHABLE_CODE = YES;
				CLANG_WARN__DUPLICATE_METHOD_MATCH = YES;
				"CODE_SIGN_IDENTITY[sdk=iphoneos*]" = "iPhone Developer";
				COPY_PHASE_STRIP = NO;
				DEBUG_INFORMATION_FORMAT = dwarf;
				ENABLE_STRICT_OBJC_MSGSEND = YES;
				ENABLE_TESTABILITY = YES;
				GCC_C_LANGUAGE_STANDARD = gnu99;
				GCC_DYNAMIC_NO_PIC = NO;
				GCC_NO_COMMON_BLOCKS = YES;
				GCC_OPTIMIZATION_LEVEL = 0;
				GCC_PREPROCESSOR_DEFINITIONS = (
					"DEBUG=1",
					"$(inherited)",
				);
				GCC_WARN_64_TO_32_BIT_CONVERSION = YES;
				GCC_WARN_ABOUT_RETURN_TYPE = YES_ERROR;
				GCC_WARN_UNDECLARED_SELECTOR = YES;
				GCC_WARN_UNINITIALIZED_AUTOS = YES_AGGRESSIVE;
				GCC_WARN_UNUSED_FUNCTION = YES;
				GCC_WARN_UNUSED_VARIABLE = YES;
				IPHONEOS_DEPLOYMENT_TARGET = 10.2;
				MTL_ENABLE_DEBUG_INFO = YES;
				ONLY_ACTIVE_ARCH = YES;
				SDKROOT = iphoneos;
				TARGETED_DEVICE_FAMILY = "1,2";
			};
			name = Debug;
		};
		9594E86A1E7BE6D100900F46 /* Release */ = {
			isa = XCBuildConfiguration;
			buildSettings = {
				ALWAYS_SEARCH_USER_PATHS = NO;
				CLANG_ANALYZER_NONNULL = YES;
				CLANG_CXX_LANGUAGE_STANDARD = "gnu++0x";
				CLANG_CXX_LIBRARY = "libc++";
				CLANG_ENABLE_MODULES = YES;
				CLANG_ENABLE_OBJC_ARC = YES;
				CLANG_WARN_BOOL_CONVERSION = YES;
				CLANG_WARN_CONSTANT_CONVERSION = YES;
				CLANG_WARN_DIRECT_OBJC_ISA_USAGE = YES_ERROR;
				CLANG_WARN_DOCUMENTATION_COMMENTS = YES;
				CLANG_WARN_EMPTY_BODY = YES;
				CLANG_WARN_ENUM_CONVERSION = YES;
				CLANG_WARN_INFINITE_RECURSION = YES;
				CLANG_WARN_INT_CONVERSION = YES;
				CLANG_WARN_OBJC_ROOT_CLASS = YES_ERROR;
				CLANG_WARN_SUSPICIOUS_MOVE = YES;
				CLANG_WARN_UNREACHABLE_CODE = YES;
				CLANG_WARN__DUPLICATE_METHOD_MATCH = YES;
				"CODE_SIGN_IDENTITY[sdk=iphoneos*]" = "iPhone Developer";
				COPY_PHASE_STRIP = NO;
				DEBUG_INFORMATION_FORMAT = "dwarf-with-dsym";
				ENABLE_NS_ASSERTIONS = NO;
				ENABLE_STRICT_OBJC_MSGSEND = YES;
				GCC_C_LANGUAGE_STANDARD = gnu99;
				GCC_NO_COMMON_BLOCKS = YES;
				GCC_WARN_64_TO_32_BIT_CONVERSION = YES;
				GCC_WARN_ABOUT_RETURN_TYPE = YES_ERROR;
				GCC_WARN_UNDECLARED_SELECTOR = YES;
				GCC_WARN_UNINITIALIZED_AUTOS = YES_AGGRESSIVE;
				GCC_WARN_UNUSED_FUNCTION = YES;
				GCC_WARN_UNUSED_VARIABLE = YES;
				IPHONEOS_DEPLOYMENT_TARGET = 10.2;
				MTL_ENABLE_DEBUG_INFO = NO;
				SDKROOT = iphoneos;
				TARGETED_DEVICE_FAMILY = "1,2";
				VALIDATE_PRODUCT = YES;
			};
			name = Release;
		};
		9594E86C1E7BE6D100900F46 /* Debug */ = {
			isa = XCBuildConfiguration;
			buildSettings = {
				ASSETCATALOG_COMPILER_APPICON_NAME = AppIcon;
				ASSETCATALOG_COMPILER_LAUNCHIMAGE_NAME = LaunchImages;
				"CODE_SIGN_IDENTITY[sdk=iphoneos*]" = "iPhone Developer";
				DEVELOPMENT_TEAM = Y7673FFN4G;
				INFOPLIST_FILE = "$(SRCROOT)/LDNavigationSolution/Supporting Files/Info.plist";
				IPHONEOS_DEPLOYMENT_TARGET = 8.0;
				LD_RUNPATH_SEARCH_PATHS = "$(inherited) @executable_path/Frameworks";
				PRODUCT_BUNDLE_IDENTIFIER = com.lidan.LDNavigationSolution;
				PRODUCT_NAME = "$(TARGET_NAME)";
				PROVISIONING_PROFILE_SPECIFIER = "";
			};
			name = Debug;
		};
		9594E86D1E7BE6D100900F46 /* Release */ = {
			isa = XCBuildConfiguration;
			buildSettings = {
				ASSETCATALOG_COMPILER_APPICON_NAME = AppIcon;
				ASSETCATALOG_COMPILER_LAUNCHIMAGE_NAME = LaunchImages;
				"CODE_SIGN_IDENTITY[sdk=iphoneos*]" = "iPhone Developer";
				DEVELOPMENT_TEAM = Y7673FFN4G;
				INFOPLIST_FILE = "$(SRCROOT)/LDNavigationSolution/Supporting Files/Info.plist";
				IPHONEOS_DEPLOYMENT_TARGET = 8.0;
				LD_RUNPATH_SEARCH_PATHS = "$(inherited) @executable_path/Frameworks";
				PRODUCT_BUNDLE_IDENTIFIER = com.lidan.LDNavigationSolution;
				PRODUCT_NAME = "$(TARGET_NAME)";
				PROVISIONING_PROFILE_SPECIFIER = "";
			};
			name = Release;
		};
/* End XCBuildConfiguration section */

/* Begin XCConfigurationList section */
		9594E84F1E7BE6D100900F46 /* Build configuration list for PBXProject "LDNavigationSolution" */ = {
			isa = XCConfigurationList;
			buildConfigurations = (
				9594E8691E7BE6D100900F46 /* Debug */,
				9594E86A1E7BE6D100900F46 /* Release */,
			);
			defaultConfigurationIsVisible = 0;
			defaultConfigurationName = Release;
		};
		9594E86B1E7BE6D100900F46 /* Build configuration list for PBXNativeTarget "LDNavigationSolution" */ = {
			isa = XCConfigurationList;
			buildConfigurations = (
				9594E86C1E7BE6D100900F46 /* Debug */,
				9594E86D1E7BE6D100900F46 /* Release */,
			);
			defaultConfigurationIsVisible = 0;
			defaultConfigurationName = Release;
		};
/* End XCConfigurationList section */
	};
	rootObject = 9594E84C1E7BE6D100900F46 /* Project object */;
}
